Microsoft Visual Studio Solution File, Format Version 12.00
# Visual Studio 16
Project("{2150E333-8FDC-42A3-9474-1A3956D46DE8}") = "CMakePredefinedTargets", "CMakePredefinedTargets", "{CAEB71BE-F972-37F1-9086-659F6A5F8F41}"
EndProject
Project("{2150E333-8FDC-42A3-9474-1A3956D46DE8}") = "dependencies", "dependencies", "{34306799-30E6-3EDD-905B-9CF20CB01A0B}"
EndProject
Project("{8BC9CEB8-8B4A-11D0-8D11-00A0C91BC942}") = "ALL_BUILD", "ALL_BUILD.vcxproj", "{DC305F86-D63A-30CE-B0EA-D06B5041F850}"
	ProjectSection(ProjectDependencies) = postProject
		{9A782A4E-A07F-3BE1-80E2-DCFC34858C50} = {9A782A4E-A07F-3BE1-80E2-DCFC34858C50}
		{D0D76831-FC26-304B-903E-F27A54294BDE} = {D0D76831-FC26-304B-903E-F27A54294BDE}
		{6F7CB22F-E1A9-3CCB-B02F-1FE8B7242952} = {6F7CB22F-E1A9-3CCB-B02F-1FE8B7242952}
		{68332608-81B7-3014-A3E8-66DB1106C32C} = {68332608-81B7-3014-A3E8-66DB1106C32C}
	EndProjectSection
EndProject
Project("{8BC9CEB8-8B4A-11D0-8D11-00A0C91BC942}") = "INSTALL", "INSTALL.vcxproj", "{E4C9A3A2-14FE-344D-B27E-1BBF1A1236B1}"
	ProjectSection(ProjectDependencies) = postProject
		{DC305F86-D63A-30CE-B0EA-D06B5041F850} = {DC305F86-D63A-30CE-B0EA-D06B5041F850}
		{9A782A4E-A07F-3BE1-80E2-DCFC34858C50} = {9A782A4E-A07F-3BE1-80E2-DCFC34858C50}
	EndProjectSection
EndProject
Project("{8BC9CEB8-8B4A-11D0-8D11-00A0C91BC942}") = "ZERO_CHECK", "..\..\\ZERO_CHECK.vcxproj", "{9A782A4E-A07F-3BE1-80E2-DCFC34858C50}"
	ProjectSection(ProjectDependencies) = postProject
	EndProjectSection
EndProject
Project("{8BC9CEB8-8B4A-11D0-8D11-00A0C91BC942}") = "glfw", "ext_build\glfw\src\glfw.vcxproj", "{D6050156-7636-3D0F-B41A-3C75A0123864}"
	ProjectSection(ProjectDependencies) = postProject
		{9A782A4E-A07F-3BE1-80E2-DCFC34858C50} = {9A782A4E-A07F-3BE1-80E2-DCFC34858C50}
		{D0D76831-FC26-304B-903E-F27A54294BDE} = {D0D76831-FC26-304B-903E-F27A54294BDE}
	EndProjectSection
EndProject
Project("{8BC9CEB8-8B4A-11D0-8D11-00A0C91BC942}") = "glfw_objects", "ext_build\glfw\src\glfw_objects.vcxproj", "{D0D76831-FC26-304B-903E-F27A54294BDE}"
	ProjectSection(ProjectDependencies) = postProject
		{9A782A4E-A07F-3BE1-80E2-DCFC34858C50} = {9A782A4E-A07F-3BE1-80E2-DCFC34858C50}
	EndProjectSection
EndProject
Project("{8BC9CEB8-8B4A-11D0-8D11-00A0C91BC942}") = "nanogui", "nanogui.vcxproj", "{6F7CB22F-E1A9-3CCB-B02F-1FE8B7242952}"
	ProjectSection(ProjectDependencies) = postProject
		{9A782A4E-A07F-3BE1-80E2-DCFC34858C50} = {9A782A4E-A07F-3BE1-80E2-DCFC34858C50}
		{D0D76831-FC26-304B-903E-F27A54294BDE} = {D0D76831-FC26-304B-903E-F27A54294BDE}
		{68332608-81B7-3014-A3E8-66DB1106C32C} = {68332608-81B7-3014-A3E8-66DB1106C32C}
	EndProjectSection
EndProject
Project("{8BC9CEB8-8B4A-11D0-8D11-00A0C91BC942}") = "nanogui-obj", "nanogui-obj.vcxproj", "{68332608-81B7-3014-A3E8-66DB1106C32C}"
	ProjectSection(ProjectDependencies) = postProject
		{9A782A4E-A07F-3BE1-80E2-DCFC34858C50} = {9A782A4E-A07F-3BE1-80E2-DCFC34858C50}
	EndProjectSection
EndProject
Global
	GlobalSection(SolutionConfigurationPlatforms) = preSolution
		Debug|x64 = Debug|x64
		Release|x64 = Release|x64
		MinSizeRel|x64 = MinSizeRel|x64
		RelWithDebInfo|x64 = RelWithDebInfo|x64
	EndGlobalSection
	GlobalSection(ProjectConfigurationPlatforms) = postSolution
		{DC305F86-D63A-30CE-B0EA-D06B5041F850}.Debug|x64.ActiveCfg = Debug|x64
		{DC305F86-D63A-30CE-B0EA-D06B5041F850}.Debug|x64.Build.0 = Debug|x64
		{DC305F86-D63A-30CE-B0EA-D06B5041F850}.Release|x64.ActiveCfg = Release|x64
		{DC305F86-D63A-30CE-B0EA-D06B5041F850}.Release|x64.Build.0 = Release|x64
		{DC305F86-D63A-30CE-B0EA-D06B5041F850}.MinSizeRel|x64.ActiveCfg = MinSizeRel|x64
		{DC305F86-D63A-30CE-B0EA-D06B5041F850}.MinSizeRel|x64.Build.0 = MinSizeRel|x64
		{DC305F86-D63A-30CE-B0EA-D06B5041F850}.RelWithDebInfo|x64.ActiveCfg = RelWithDebInfo|x64
		{DC305F86-D63A-30CE-B0EA-D06B5041F850}.RelWithDebInfo|x64.Build.0 = RelWithDebInfo|x64
		{E4C9A3A2-14FE-344D-B27E-1BBF1A1236B1}.Debug|x64.ActiveCfg = Debug|x64
		{E4C9A3A2-14FE-344D-B27E-1BBF1A1236B1}.Release|x64.ActiveCfg = Release|x64
		{E4C9A3A2-14FE-344D-B27E-1BBF1A1236B1}.MinSizeRel|x64.ActiveCfg = MinSizeRel|x64
		{E4C9A3A2-14FE-344D-B27E-1BBF1A1236B1}.RelWithDebInfo|x64.ActiveCfg = RelWithDebInfo|x64
		{9A782A4E-A07F-3BE1-80E2-DCFC34858C50}.Debug|x64.ActiveCfg = Debug|x64
		{9A782A4E-A07F-3BE1-80E2-DCFC34858C50}.Debug|x64.Build.0 = Debug|x64
		{9A782A4E-A07F-3BE1-80E2-DCFC34858C50}.Release|x64.ActiveCfg = Release|x64
		{9A782A4E-A07F-3BE1-80E2-DCFC34858C50}.Release|x64.Build.0 = Release|x64
		{9A782A4E-A07F-3BE1-80E2-DCFC34858C50}.MinSizeRel|x64.ActiveCfg = MinSizeRel|x64
		{9A782A4E-A07F-3BE1-80E2-DCFC34858C50}.MinSizeRel|x64.Build.0 = MinSizeRel|x64
		{9A782A4E-A07F-3BE1-80E2-DCFC34858C50}.RelWithDebInfo|x64.ActiveCfg = RelWithDebInfo|x64
		{9A782A4E-A07F-3BE1-80E2-DCFC34858C50}.RelWithDebInfo|x64.Build.0 = RelWithDebInfo|x64
		{D6050156-7636-3D0F-B41A-3C75A0123864}.Debug|x64.ActiveCfg = Debug|x64
		{D6050156-7636-3D0F-B41A-3C75A0123864}.Release|x64.ActiveCfg = Release|x64
		{D6050156-7636-3D0F-B41A-3C75A0123864}.MinSizeRel|x64.ActiveCfg = MinSizeRel|x64
		{D6050156-7636-3D0F-B41A-3C75A0123864}.RelWithDebInfo|x64.ActiveCfg = RelWithDebInfo|x64
		{D0D76831-FC26-304B-903E-F27A54294BDE}.Debug|x64.ActiveCfg = Debug|x64
		{D0D76831-FC26-304B-903E-F27A54294BDE}.Debug|x64.Build.0 = Debug|x64
		{D0D76831-FC26-304B-903E-F27A54294BDE}.Release|x64.ActiveCfg = Release|x64
		{D0D76831-FC26-304B-903E-F27A54294BDE}.Release|x64.Build.0 = Release|x64
		{D0D76831-FC26-304B-903E-F27A54294BDE}.MinSizeRel|x64.ActiveCfg = MinSizeRel|x64
		{D0D76831-FC26-304B-903E-F27A54294BDE}.MinSizeRel|x64.Build.0 = MinSizeRel|x64
		{D0D76831-FC26-304B-903E-F27A54294BDE}.RelWithDebInfo|x64.ActiveCfg = RelWithDebInfo|x64
		{D0D76831-FC26-304B-903E-F27A54294BDE}.RelWithDebInfo|x64.Build.0 = RelWithDebInfo|x64
		{6F7CB22F-E1A9-3CCB-B02F-1FE8B7242952}.Debug|x64.ActiveCfg = Debug|x64
		{6F7CB22F-E1A9-3CCB-B02F-1FE8B7242952}.Debug|x64.Build.0 = Debug|x64
		{6F7CB22F-E1A9-3CCB-B02F-1FE8B7242952}.Release|x64.ActiveCfg = Release|x64
		{6F7CB22F-E1A9-3CCB-B02F-1FE8B7242952}.Release|x64.Build.0 = Release|x64
		{6F7CB22F-E1A9-3CCB-B02F-1FE8B7242952}.MinSizeRel|x64.ActiveCfg = MinSizeRel|x64
		{6F7CB22F-E1A9-3CCB-B02F-1FE8B7242952}.MinSizeRel|x64.Build.0 = MinSizeRel|x64
		{6F7CB22F-E1A9-3CCB-B02F-1FE8B7242952}.RelWithDebInfo|x64.ActiveCfg = RelWithDebInfo|x64
		{6F7CB22F-E1A9-3CCB-B02F-1FE8B7242952}.RelWithDebInfo|x64.Build.0 = RelWithDebInfo|x64
		{68332608-81B7-3014-A3E8-66DB1106C32C}.Debug|x64.ActiveCfg = Debug|x64
		{68332608-81B7-3014-A3E8-66DB1106C32C}.Debug|x64.Build.0 = Debug|x64
		{68332608-81B7-3014-A3E8-66DB1106C32C}.Release|x64.ActiveCfg = Release|x64
		{68332608-81B7-3014-A3E8-66DB1106C32C}.Release|x64.Build.0 = Release|x64
		{68332608-81B7-3014-A3E8-66DB1106C32C}.MinSizeRel|x64.ActiveCfg = MinSizeRel|x64
		{68332608-81B7-3014-A3E8-66DB1106C32C}.MinSizeRel|x64.Build.0 = MinSizeRel|x64
		{68332608-81B7-3014-A3E8-66DB1106C32C}.RelWithDebInfo|x64.ActiveCfg = RelWithDebInfo|x64
		{68332608-81B7-3014-A3E8-66DB1106C32C}.RelWithDebInfo|x64.Build.0 = RelWithDebInfo|x64
	EndGlobalSection
	GlobalSection(NestedProjects) = preSolution
		{DC305F86-D63A-30CE-B0EA-D06B5041F850} = {CAEB71BE-F972-37F1-9086-659F6A5F8F41}
		{E4C9A3A2-14FE-344D-B27E-1BBF1A1236B1} = {CAEB71BE-F972-37F1-9086-659F6A5F8F41}
		{9A782A4E-A07F-3BE1-80E2-DCFC34858C50} = {CAEB71BE-F972-37F1-9086-659F6A5F8F41}
		{D6050156-7636-3D0F-B41A-3C75A0123864} = {34306799-30E6-3EDD-905B-9CF20CB01A0B}
		{D0D76831-FC26-304B-903E-F27A54294BDE} = {34306799-30E6-3EDD-905B-9CF20CB01A0B}
		{6F7CB22F-E1A9-3CCB-B02F-1FE8B7242952} = {34306799-30E6-3EDD-905B-9CF20CB01A0B}
	EndGlobalSection
	GlobalSection(ExtensibilityGlobals) = postSolution
		SolutionGuid = {ADB3E6F9-54F5-3268-899C-B65C6C043060}
	EndGlobalSection
	GlobalSection(ExtensibilityAddIns) = postSolution
	EndGlobalSection
EndGlobal
