<?xml version="1.0" encoding="utf-8"?>
<Project ToolsVersion="16.0" xmlns="http://schemas.microsoft.com/developer/msbuild/2003">
  <ItemGroup>
    <ClCompile Include="C:\Users\Zeng\Desktop\ezeng\2-classes\cs_184\projects\final_project\CGL\src\vector2D.cpp">
      <Filter>Source Files</Filter>
    </ClCompile>
    <ClCompile Include="C:\Users\Zeng\Desktop\ezeng\2-classes\cs_184\projects\final_project\CGL\src\vector3D.cpp">
      <Filter>Source Files</Filter>
    </ClCompile>
    <ClCompile Include="C:\Users\Zeng\Desktop\ezeng\2-classes\cs_184\projects\final_project\CGL\src\vector4D.cpp">
      <Filter>Source Files</Filter>
    </ClCompile>
    <ClCompile Include="C:\Users\Zeng\Desktop\ezeng\2-classes\cs_184\projects\final_project\CGL\src\matrix3x3.cpp">
      <Filter>Source Files</Filter>
    </ClCompile>
    <ClCompile Include="C:\Users\Zeng\Desktop\ezeng\2-classes\cs_184\projects\final_project\CGL\src\matrix4x4.cpp">
      <Filter>Source Files</Filter>
    </ClCompile>
    <ClCompile Include="C:\Users\Zeng\Desktop\ezeng\2-classes\cs_184\projects\final_project\CGL\src\quaternion.cpp">
      <Filter>Source Files</Filter>
    </ClCompile>
    <ClCompile Include="C:\Users\Zeng\Desktop\ezeng\2-classes\cs_184\projects\final_project\CGL\src\complex.cpp">
      <Filter>Source Files</Filter>
    </ClCompile>
    <ClCompile Include="C:\Users\Zeng\Desktop\ezeng\2-classes\cs_184\projects\final_project\CGL\src\color.cpp">
      <Filter>Source Files</Filter>
    </ClCompile>
    <ClCompile Include="C:\Users\Zeng\Desktop\ezeng\2-classes\cs_184\projects\final_project\CGL\src\spectrum.cpp">
      <Filter>Source Files</Filter>
    </ClCompile>
    <ClCompile Include="C:\Users\Zeng\Desktop\ezeng\2-classes\cs_184\projects\final_project\CGL\src\base64.cpp">
      <Filter>Source Files</Filter>
    </ClCompile>
    <ClCompile Include="C:\Users\Zeng\Desktop\ezeng\2-classes\cs_184\projects\final_project\CGL\src\lodepng.cpp">
      <Filter>Source Files</Filter>
    </ClCompile>
    <ClCompile Include="C:\Users\Zeng\Desktop\ezeng\2-classes\cs_184\projects\final_project\CGL\src\tinyxml2.cpp">
      <Filter>Source Files</Filter>
    </ClCompile>
  </ItemGroup>
  <ItemGroup>
    <CustomBuild Include="C:\Users\Zeng\Desktop\ezeng\2-classes\cs_184\projects\final_project\CGL\src\CMakeLists.txt" />
  </ItemGroup>
  <ItemGroup>
    <Filter Include="Source Files">
      <UniqueIdentifier>{545B4713-95C9-370F-8A08-31B7010C9B7D}</UniqueIdentifier>
    </Filter>
  </ItemGroup>
</Project>
